
Microsoft Visual Studio Solution File, Format Version 12.00
# Visual Studio 12
VisualStudioVersion = 12.0.25420.1
MinimumVisualStudioVersion = 10.0.40219.1
Project("{FAE04EC0-301F-11D3-BF4B-00C04F79EFBC}") = "QuanLyBanHang", "QuanLyBanHang\QuanLyBanHang.csproj", "{F2164DDE-7F22-48A8-927C-36F0905B124D}"
EndProject
Global
	GlobalSection(SolutionConfigurationPlatforms) = preSolution
		Debug|Any CPU = Debug|Any CPU
		Release|Any CPU = Release|Any CPU
	EndGlobalSection
	GlobalSection(ProjectConfigurationPlatforms) = postSolution
		{F2164DDE-7F22-48A8-927C-36F0905B124D}.Debug|Any CPU.ActiveCfg = Debug|Any CPU
		{F2164DDE-7F22-48A8-927C-36F0905B124D}.Debug|Any CPU.Build.0 = Debug|Any CPU
		{F2164DDE-7F22-48A8-927C-36F0905B124D}.Release|Any CPU.ActiveCfg = Release|Any CPU
		{F2164DDE-7F22-48A8-927C-36F0905B124D}.Release|Any CPU.Build.0 = Release|Any CPU
	EndGlobalSection
	GlobalSection(SolutionProperties) = preSolution
		HideSolutionNode = FALSE
	EndGlobalSection
EndGlobal
